// !$*UTF8*$!
{
	archiveVersion = 1;
	classes = {
	};
	objectVersion = 50;
	objects = {

/* Begin PBXBuildFile section */
		AFFCBB86249EF634002E6D19 /* AppDelegate.swift in Sources */ = {isa = PBXBuildFile; fileRef = AFFCBB85249EF634002E6D19 /* AppDelegate.swift */; };
		AFFCBB88249EF634002E6D19 /* SceneDelegate.swift in Sources */ = {isa = PBXBuildFile; fileRef = AFFCBB87249EF634002E6D19 /* SceneDelegate.swift */; };
		AFFCBB8A249EF634002E6D19 /* ViewController.swift in Sources */ = {isa = PBXBuildFile; fileRef = AFFCBB89249EF634002E6D19 /* ViewController.swift */; };
		AFFCBB8D249EF634002E6D19 /* Main.storyboard in Resources */ = {isa = PBXBuildFile; fileRef = AFFCBB8B249EF634002E6D19 /* Main.storyboard */; };
		AFFCBB8F249EF635002E6D19 /* Assets.xcassets in Resources */ = {isa = PBXBuildFile; fileRef = AFFCBB8E249EF635002E6D19 /* Assets.xcassets */; };
		AFFCBB92249EF635002E6D19 /* LaunchScreen.storyboard in Resources */ = {isa = PBXBuildFile; fileRef = AFFCBB90249EF635002E6D19 /* LaunchScreen.storyboard */; };
		AFFCBB9D249EF635002E6D19 /* NearbyHospitalsTests.swift in Sources */ = {isa = PBXBuildFile; fileRef = AFFCBB9C249EF635002E6D19 /* NearbyHospitalsTests.swift */; };
		AFFCBBA8249EF635002E6D19 /* NearbyHospitalsUITests.swift in Sources */ = {isa = PBXBuildFile; fileRef = AFFCBBA7249EF635002E6D19 /* NearbyHospitalsUITests.swift */; };
/* End PBXBuildFile section */

/* Begin PBXContainerItemProxy section */
		AFFCBB99249EF635002E6D19 /* PBXContainerItemProxy */ = {
			isa = PBXContainerItemProxy;
			containerPortal = AFFCBB7A249EF634002E6D19 /* Project object */;
			proxyType = 1;
			remoteGlobalIDString = AFFCBB81249EF634002E6D19;
			remoteInfo = NearbyHospitals;
		};
		AFFCBBA4249EF635002E6D19 /* PBXContainerItemProxy */ = {
			isa = PBXContainerItemProxy;
			containerPortal = AFFCBB7A249EF634002E6D19 /* Project object */;
			proxyType = 1;
			remoteGlobalIDString = AFFCBB81249EF634002E6D19;
			remoteInfo = NearbyHospitals;
		};
/* End PBXContainerItemProxy section */

/* Begin PBXFileReference section */
		AFFCBB82249EF634002E6D19 /* NearbyHospitals.app */ = {isa = PBXFileReference; explicitFileType = wrapper.application; includeInIndex = 0; path = NearbyHospitals.app; sourceTree = BUILT_PRODUCTS_DIR; };
		AFFCBB85249EF634002E6D19 /* AppDelegate.swift */ = {isa = PBXFileReference; lastKnownFileType = sourcecode.swift; path = AppDelegate.swift; sourceTree = "<group>"; };
		AFFCBB87249EF634002E6D19 /* SceneDelegate.swift */ = {isa = PBXFileReference; lastKnownFileType = sourcecode.swift; path = SceneDelegate.swift; sourceTree = "<group>"; };
		AFFCBB89249EF634002E6D19 /* ViewController.swift */ = {isa = PBXFileReference; lastKnownFileType = sourcecode.swift; path = ViewController.swift; sourceTree = "<group>"; };
		AFFCBB8C249EF634002E6D19 /* Base */ = {isa = PBXFileReference; lastKnownFileType = file.storyboard; name = Base; path = Base.lproj/Main.storyboard; sourceTree = "<group>"; };
		AFFCBB8E249EF635002E6D19 /* Assets.xcassets */ = {isa = PBXFileReference; lastKnownFileType = folder.assetcatalog; path = Assets.xcassets; sourceTree = "<group>"; };
		AFFCBB91249EF635002E6D19 /* Base */ = {isa = PBXFileReference; lastKnownFileType = file.storyboard; name = Base; path = Base.lproj/LaunchScreen.storyboard; sourceTree = "<group>"; };
		AFFCBB93249EF635002E6D19 /* Info.plist */ = {isa = PBXFileReference; lastKnownFileType = text.plist.xml; path = Info.plist; sourceTree = "<group>"; };
		AFFCBB98249EF635002E6D19 /* NearbyHospitalsTests.xctest */ = {isa = PBXFileReference; explicitFileType = wrapper.cfbundle; includeInIndex = 0; path = NearbyHospitalsTests.xctest; sourceTree = BUILT_PRODUCTS_DIR; };
		AFFCBB9C249EF635002E6D19 /* NearbyHospitalsTests.swift */ = {isa = PBXFileReference; lastKnownFileType = sourcecode.swift; path = NearbyHospitalsTests.swift; sourceTree = "<group>"; };
		AFFCBB9E249EF635002E6D19 /* Info.plist */ = {isa = PBXFileReference; lastKnownFileType = text.plist.xml; path = Info.plist; sourceTree = "<group>"; };
		AFFCBBA3249EF635002E6D19 /* NearbyHospitalsUITests.xctest */ = {isa = PBXFileReference; explicitFileType = wrapper.cfbundle; includeInIndex = 0; path = NearbyHospitalsUITests.xctest; sourceTree = BUILT_PRODUCTS_DIR; };
		AFFCBBA7249EF635002E6D19 /* NearbyHospitalsUITests.swift */ = {isa = PBXFileReference; lastKnownFileType = sourcecode.swift; path = NearbyHospitalsUITests.swift; sourceTree = "<group>"; };
		AFFCBBA9249EF635002E6D19 /* Info.plist */ = {isa = PBXFileReference; lastKnownFileType = text.plist.xml; path = Info.plist; sourceTree = "<group>"; };
/* End PBXFileReference section */

/* Begin PBXFrameworksBuildPhase section */
		AFFCBB7F249EF634002E6D19 /* Frameworks */ = {
			isa = PBXFrameworksBuildPhase;
			buildActionMask = 2147483647;
			files = (
			);
			runOnlyForDeploymentPostprocessing = 0;
		};
		AFFCBB95249EF635002E6D19 /* Frameworks */ = {
			isa = PBXFrameworksBuildPhase;
			buildActionMask = 2147483647;
			files = (
			);
			runOnlyForDeploymentPostprocessing = 0;
		};
		AFFCBBA0249EF635002E6D19 /* Frameworks */ = {
			isa = PBXFrameworksBuildPhase;
			buildActionMask = 2147483647;
			files = (
			);
			runOnlyForDeploymentPostprocessing = 0;
		};
/* End PBXFrameworksBuildPhase section */

/* Begin PBXGroup section */
		AFFCBB79249EF634002E6D19 = {
			isa = PBXGroup;
			children = (
				AFFCBB84249EF634002E6D19 /* NearbyHospitals */,
				AFFCBB9B249EF635002E6D19 /* NearbyHospitalsTests */,
				AFFCBBA6249EF635002E6D19 /* NearbyHospitalsUITests */,
				AFFCBB83249EF634002E6D19 /* Products */,
			);
			sourceTree = "<group>";
		};
		AFFCBB83249EF634002E6D19 /* Products */ = {
			isa = PBXGroup;
			children = (
				AFFCBB82249EF634002E6D19 /* NearbyHospitals.app */,
				AFFCBB98249EF635002E6D19 /* NearbyHospitalsTests.xctest */,
				AFFCBBA3249EF635002E6D19 /* NearbyHospitalsUITests.xctest */,
			);
			name = Products;
			sourceTree = "<group>";
		};
		AFFCBB84249EF634002E6D19 /* NearbyHospitals */ = {
			isa = PBXGroup;
			children = (
				AFFCBB85249EF634002E6D19 /* AppDelegate.swift */,
				AFFCBB87249EF634002E6D19 /* SceneDelegate.swift */,
				AFFCBB89249EF634002E6D19 /* ViewController.swift */,
				AFFCBB8B249EF634002E6D19 /* Main.storyboard */,
				AFFCBB8E249EF635002E6D19 /* Assets.xcassets */,
				AFFCBB90249EF635002E6D19 /* LaunchScreen.storyboard */,
				AFFCBB93249EF635002E6D19 /* Info.plist */,
			);
			path = NearbyHospitals;
			sourceTree = "<group>";
		};
		AFFCBB9B249EF635002E6D19 /* NearbyHospitalsTests */ = {
			isa = PBXGroup;
			children = (
				AFFCBB9C249EF635002E6D19 /* NearbyHospitalsTests.swift */,
				AFFCBB9E249EF635002E6D19 /* Info.plist */,
			);
			path = NearbyHospitalsTests;
			sourceTree = "<group>";
		};
		AFFCBBA6249EF635002E6D19 /* NearbyHospitalsUITests */ = {
			isa = PBXGroup;
			children = (
				AFFCBBA7249EF635002E6D19 /* NearbyHospitalsUITests.swift */,
				AFFCBBA9249EF635002E6D19 /* Info.plist */,
			);
			path = NearbyHospitalsUITests;
			sourceTree = "<group>";
		};
/* End PBXGroup section */

/* Begin PBXNativeTarget section */
		AFFCBB81249EF634002E6D19 /* NearbyHospitals */ = {
			isa = PBXNativeTarget;
			buildConfigurationList = AFFCBBAC249EF635002E6D19 /* Build configuration list for PBXNativeTarget "NearbyHospitals" */;
			buildPhases = (
				AFFCBB7E249EF634002E6D19 /* Sources */,
				AFFCBB7F249EF634002E6D19 /* Frameworks */,
				AFFCBB80249EF634002E6D19 /* Resources */,
			);
			buildRules = (
			);
			dependencies = (
			);
			name = NearbyHospitals;
			productName = NearbyHospitals;
			productReference = AFFCBB82249EF634002E6D19 /* NearbyHospitals.app */;
			productType = "com.apple.product-type.application";
		};
		AFFCBB97249EF635002E6D19 /* NearbyHospitalsTests */ = {
			isa = PBXNativeTarget;
			buildConfigurationList = AFFCBBAF249EF635002E6D19 /* Build configuration list for PBXNativeTarget "NearbyHospitalsTests" */;
			buildPhases = (
				AFFCBB94249EF635002E6D19 /* Sources */,
				AFFCBB95249EF635002E6D19 /* Frameworks */,
				AFFCBB96249EF635002E6D19 /* Resources */,
			);
			buildRules = (
			);
			dependencies = (
				AFFCBB9A249EF635002E6D19 /* PBXTargetDependency */,
			);
			name = NearbyHospitalsTests;
			productName = NearbyHospitalsTests;
			productReference = AFFCBB98249EF635002E6D19 /* NearbyHospitalsTests.xctest */;
			productType = "com.apple.product-type.bundle.unit-test";
		};
		AFFCBBA2249EF635002E6D19 /* NearbyHospitalsUITests */ = {
			isa = PBXNativeTarget;
			buildConfigurationList = AFFCBBB2249EF635002E6D19 /* Build configuration list for PBXNativeTarget "NearbyHospitalsUITests" */;
			buildPhases = (
				AFFCBB9F249EF635002E6D19 /* Sources */,
				AFFCBBA0249EF635002E6D19 /* Frameworks */,
				AFFCBBA1249EF635002E6D19 /* Resources */,
			);
			buildRules = (
			);
			dependencies = (
				AFFCBBA5249EF635002E6D19 /* PBXTargetDependency */,
			);
			name = NearbyHospitalsUITests;
			productName = NearbyHospitalsUITests;
			productReference = AFFCBBA3249EF635002E6D19 /* NearbyHospitalsUITests.xctest */;
			productType = "com.apple.product-type.bundle.ui-testing";
		};
/* End PBXNativeTarget section */

/* Begin PBXProject section */
		AFFCBB7A249EF634002E6D19 /* Project object */ = {
			isa = PBXProject;
			attributes = {
				LastSwiftUpdateCheck = 1150;
				LastUpgradeCheck = 1150;
				ORGANIZATIONNAME = "Nischal Hada";
				TargetAttributes = {
					AFFCBB81249EF634002E6D19 = {
						CreatedOnToolsVersion = 11.5;
					};
					AFFCBB97249EF635002E6D19 = {
						CreatedOnToolsVersion = 11.5;
						TestTargetID = AFFCBB81249EF634002E6D19;
					};
					AFFCBBA2249EF635002E6D19 = {
						CreatedOnToolsVersion = 11.5;
						TestTargetID = AFFCBB81249EF634002E6D19;
					};
				};
			};
			buildConfigurationList = AFFCBB7D249EF634002E6D19 /* Build configuration list for PBXProject "NearbyHospitals" */;
			compatibilityVersion = "Xcode 9.3";
			developmentRegion = en;
			hasScannedForEncodings = 0;
			knownRegions = (
				en,
				Base,
			);
			mainGroup = AFFCBB79249EF634002E6D19;
			productRefGroup = AFFCBB83249EF634002E6D19 /* Products */;
			projectDirPath = "";
			projectRoot = "";
			targets = (
				AFFCBB81249EF634002E6D19 /* NearbyHospitals */,
				AFFCBB97249EF635002E6D19 /* NearbyHospitalsTests */,
				AFFCBBA2249EF635002E6D19 /* NearbyHospitalsUITests */,
			);
		};
/* End PBXProject section */

/* Begin PBXResourcesBuildPhase section */
		AFFCBB80249EF634002E6D19 /* Resources */ = {
			isa = PBXResourcesBuildPhase;
			buildActionMask = 2147483647;
			files = (
				AFFCBB92249EF635002E6D19 /* LaunchScreen.storyboard in Resources */,
				AFFCBB8F249EF635002E6D19 /* Assets.xcassets in Resources */,
				AFFCBB8D249EF634002E6D19 /* Main.storyboard in Resources */,
			);
			runOnlyForDeploymentPostprocessing = 0;
		};
		AFFCBB96249EF635002E6D19 /* Resources */ = {
			isa = PBXResourcesBuildPhase;
			buildActionMask = 2147483647;
			files = (
			);
			runOnlyForDeploymentPostprocessing = 0;
		};
		AFFCBBA1249EF635002E6D19 /* Resources */ = {
			isa = PBXResourcesBuildPhase;
			buildActionMask = 2147483647;
			files = (
			);
			runOnlyForDeploymentPostprocessing = 0;
		};
/* End PBXResourcesBuildPhase section */

/* Begin PBXSourcesBuildPhase section */
		AFFCBB7E249EF634002E6D19 /* Sources */ = {
			isa = PBXSourcesBuildPhase;
			buildActionMask = 2147483647;
			files = (
				AFFCBB8A249EF634002E6D19 /* ViewController.swift in Sources */,
				AFFCBB86249EF634002E6D19 /* AppDelegate.swift in Sources */,
				AFFCBB88249EF634002E6D19 /* SceneDelegate.swift in Sources */,
			);
			runOnlyForDeploymentPostprocessing = 0;
		};
		AFFCBB94249EF635002E6D19 /* Sources */ = {
			isa = PBXSourcesBuildPhase;
			buildActionMask = 2147483647;
			files = (
				AFFCBB9D249EF635002E6D19 /* NearbyHospitalsTests.swift in Sources */,
			);
			runOnlyForDeploymentPostprocessing = 0;
		};
		AFFCBB9F249EF635002E6D19 /* Sources */ = {
			isa = PBXSourcesBuildPhase;
			buildActionMask = 2147483647;
			files = (
				AFFCBBA8249EF635002E6D19 /* NearbyHospitalsUITests.swift in Sources */,
			);
			runOnlyForDeploymentPostprocessing = 0;
		};
/* End PBXSourcesBuildPhase section */

/* Begin PBXTargetDependency section */
		AFFCBB9A249EF635002E6D19 /* PBXTargetDependency */ = {
			isa = PBXTargetDependency;
			target = AFFCBB81249EF634002E6D19 /* NearbyHospitals */;
			targetProxy = AFFCBB99249EF635002E6D19 /* PBXContainerItemProxy */;
		};
		AFFCBBA5249EF635002E6D19 /* PBXTargetDependency */ = {
			isa = PBXTargetDependency;
			target = AFFCBB81249EF634002E6D19 /* NearbyHospitals */;
			targetProxy = AFFCBBA4249EF635002E6D19 /* PBXContainerItemProxy */;
		};
/* End PBXTargetDependency section */

/* Begin PBXVariantGroup section */
		AFFCBB8B249EF634002E6D19 /* Main.storyboard */ = {
			isa = PBXVariantGroup;
			children = (
				AFFCBB8C249EF634002E6D19 /* Base */,
			);
			name = Main.storyboard;
			sourceTree = "<group>";
		};
		AFFCBB90249EF635002E6D19 /* LaunchScreen.storyboard */ = {
			isa = PBXVariantGroup;
			children = (
				AFFCBB91249EF635002E6D19 /* Base */,
			);
			name = LaunchScreen.storyboard;
			sourceTree = "<group>";
		};
/* End PBXVariantGroup section */

/* Begin XCBuildConfiguration section */
		AFFCBBAA249EF635002E6D19 /* Debug */ = {
			isa = XCBuildConfiguration;
			buildSettings = {
				ALWAYS_SEARCH_USER_PATHS = NO;
				CLANG_ANALYZER_NONNULL = YES;
				CLANG_ANALYZER_NUMBER_OBJECT_CONVERSION = YES_AGGRESSIVE;
				CLANG_CXX_LANGUAGE_STANDARD = "gnu++14";
				CLANG_CXX_LIBRARY = "libc++";
				CLANG_ENABLE_MODULES = YES;
				CLANG_ENABLE_OBJC_ARC = YES;
				CLANG_ENABLE_OBJC_WEAK = YES;
				CLANG_WARN_BLOCK_CAPTURE_AUTORELEASING = YES;
				CLANG_WARN_BOOL_CONVERSION = YES;
				CLANG_WARN_COMMA = YES;
				CLANG_WARN_CONSTANT_CONVERSION = YES;
				CLANG_WARN_DEPRECATED_OBJC_IMPLEMENTATIONS = YES;
				CLANG_WARN_DIRECT_OBJC_ISA_USAGE = YES_ERROR;
				CLANG_WARN_DOCUMENTATION_COMMENTS = YES;
				CLANG_WARN_EMPTY_BODY = YES;
				CLANG_WARN_ENUM_CONVERSION = YES;
				CLANG_WARN_INFINITE_RECURSION = YES;
				CLANG_WARN_INT_CONVERSION = YES;
				CLANG_WARN_NON_LITERAL_NULL_CONVERSION = YES;
				CLANG_WARN_OBJC_IMPLICIT_RETAIN_SELF = YES;
				CLANG_WARN_OBJC_LITERAL_CONVERSION = YES;
				CLANG_WARN_OBJC_ROOT_CLASS = YES_ERROR;
				CLANG_WARN_RANGE_LOOP_ANALYSIS = YES;
				CLANG_WARN_STRICT_PROTOTYPES = YES;
				CLANG_WARN_SUSPICIOUS_MOVE = YES;
				CLANG_WARN_UNGUARDED_AVAILABILITY = YES_AGGRESSIVE;
				CLANG_WARN_UNREACHABLE_CODE = YES;
				CLANG_WARN__DUPLICATE_METHOD_MATCH = YES;
				COPY_PHASE_STRIP = NO;
				DEBUG_INFORMATION_FORMAT = dwarf;
				ENABLE_STRICT_OBJC_MSGSEND = YES;
				ENABLE_TESTABILITY = YES;
				GCC_C_LANGUAGE_STANDARD = gnu11;
				GCC_DYNAMIC_NO_PIC = NO;
				GCC_NO_COMMON_BLOCKS = YES;
				GCC_OPTIMIZATION_LEVEL = 0;
				GCC_PREPROCESSOR_DEFINITIONS = (
					"DEBUG=1",
					"$(inherited)",
				);
				GCC_WARN_64_TO_32_BIT_CONVERSION = YES;
				GCC_WARN_ABOUT_RETURN_TYPE = YES_ERROR;
				GCC_WARN_UNDECLARED_SELECTOR = YES;
				GCC_WARN_UNINITIALIZED_AUTOS = YES_AGGRESSIVE;
				GCC_WARN_UNUSED_FUNCTION = YES;
				GCC_WARN_UNUSED_VARIABLE = YES;
				IPHONEOS_DEPLOYMENT_TARGET = 13.5;
				MTL_ENABLE_DEBUG_INFO = INCLUDE_SOURCE;
				MTL_FAST_MATH = YES;
				ONLY_ACTIVE_ARCH = YES;
				SDKROOT = iphoneos;
				SWIFT_ACTIVE_COMPILATION_CONDITIONS = DEBUG;
				SWIFT_OPTIMIZATION_LEVEL = "-Onone";
			};
			name = Debug;
		};
		AFFCBBAB249EF635002E6D19 /* Release */ = {
			isa = XCBuildConfiguration;
			buildSettings = {
				ALWAYS_SEARCH_USER_PATHS = NO;
				CLANG_ANALYZER_NONNULL = YES;
				CLANG_ANALYZER_NUMBER_OBJECT_CONVERSION = YES_AGGRESSIVE;
				CLANG_CXX_LANGUAGE_STANDARD = "gnu++14";
				CLANG_CXX_LIBRARY = "libc++";
				CLANG_ENABLE_MODULES = YES;
				CLANG_ENABLE_OBJC_ARC = YES;
				CLANG_ENABLE_OBJC_WEAK = YES;
				CLANG_WARN_BLOCK_CAPTURE_AUTORELEASING = YES;
				CLANG_WARN_BOOL_CONVERSION = YES;
				CLANG_WARN_COMMA = YES;
				CLANG_WARN_CONSTANT_CONVERSION = YES;
				CLANG_WARN_DEPRECATED_OBJC_IMPLEMENTATIONS = YES;
				CLANG_WARN_DIRECT_OBJC_ISA_USAGE = YES_ERROR;
				CLANG_WARN_DOCUMENTATION_COMMENTS = YES;
				CLANG_WARN_EMPTY_BODY = YES;
				CLANG_WARN_ENUM_CONVERSION = YES;
				CLANG_WARN_INFINITE_RECURSION = YES;
				CLANG_WARN_INT_CONVERSION = YES;
				CLANG_WARN_NON_LITERAL_NULL_CONVERSION = YES;
				CLANG_WARN_OBJC_IMPLICIT_RETAIN_SELF = YES;
				CLANG_WARN_OBJC_LITERAL_CONVERSION = YES;
				CLANG_WARN_OBJC_ROOT_CLASS = YES_ERROR;
				CLANG_WARN_RANGE_LOOP_ANALYSIS = YES;
				CLANG_WARN_STRICT_PROTOTYPES = YES;
				CLANG_WARN_SUSPICIOUS_MOVE = YES;
				CLANG_WARN_UNGUARDED_AVAILABILITY = YES_AGGRESSIVE;
				CLANG_WARN_UNREACHABLE_CODE = YES;
				CLANG_WARN__DUPLICATE_METHOD_MATCH = YES;
				COPY_PHASE_STRIP = NO;
				DEBUG_INFORMATION_FORMAT = "dwarf-with-dsym";
				ENABLE_NS_ASSERTIONS = NO;
				ENABLE_STRICT_OBJC_MSGSEND = YES;
				GCC_C_LANGUAGE_STANDARD = gnu11;
				GCC_NO_COMMON_BLOCKS = YES;
				GCC_WARN_64_TO_32_BIT_CONVERSION = YES;
				GCC_WARN_ABOUT_RETURN_TYPE = YES_ERROR;
				GCC_WARN_UNDECLARED_SELECTOR = YES;
				GCC_WARN_UNINITIALIZED_AUTOS = YES_AGGRESSIVE;
				GCC_WARN_UNUSED_FUNCTION = YES;
				GCC_WARN_UNUSED_VARIABLE = YES;
				IPHONEOS_DEPLOYMENT_TARGET = 13.5;
				MTL_ENABLE_DEBUG_INFO = NO;
				MTL_FAST_MATH = YES;
				SDKROOT = iphoneos;
				SWIFT_COMPILATION_MODE = wholemodule;
				SWIFT_OPTIMIZATION_LEVEL = "-O";
				VALIDATE_PRODUCT = YES;
			};
			name = Release;
		};
		AFFCBBAD249EF635002E6D19 /* Debug */ = {
			isa = XCBuildConfiguration;
			buildSettings = {
				ASSETCATALOG_COMPILER_APPICON_NAME = AppIcon;
				CODE_SIGN_STYLE = Automatic;
				INFOPLIST_FILE = NearbyHospitals/Info.plist;
				LD_RUNPATH_SEARCH_PATHS = (
					"$(inherited)",
					"@executable_path/Frameworks",
				);
				PRODUCT_BUNDLE_IDENTIFIER = com.hadanischal.NearbyHospitals;
				PRODUCT_NAME = "$(TARGET_NAME)";
				SWIFT_VERSION = 5.0;
				TARGETED_DEVICE_FAMILY = "1,2";
			};
			name = Debug;
		};
		AFFCBBAE249EF635002E6D19 /* Release */ = {
			isa = XCBuildConfiguration;
			buildSettings = {
				ASSETCATALOG_COMPILER_APPICON_NAME = AppIcon;
				CODE_SIGN_STYLE = Automatic;
				INFOPLIST_FILE = NearbyHospitals/Info.plist;
				LD_RUNPATH_SEARCH_PATHS = (
					"$(inherited)",
					"@executable_path/Frameworks",
				);
				PRODUCT_BUNDLE_IDENTIFIER = com.hadanischal.NearbyHospitals;
				PRODUCT_NAME = "$(TARGET_NAME)";
				SWIFT_VERSION = 5.0;
				TARGETED_DEVICE_FAMILY = "1,2";
			};
			name = Release;
		};
		AFFCBBB0249EF635002E6D19 /* Debug */ = {
			isa = XCBuildConfiguration;
			buildSettings = {
				ALWAYS_EMBED_SWIFT_STANDARD_LIBRARIES = YES;
				BUNDLE_LOADER = "$(TEST_HOST)";
				CODE_SIGN_STYLE = Automatic;
				INFOPLIST_FILE = NearbyHospitalsTests/Info.plist;
				IPHONEOS_DEPLOYMENT_TARGET = 13.5;
				LD_RUNPATH_SEARCH_PATHS = (
					"$(inherited)",
					"@executable_path/Frameworks",
					"@loader_path/Frameworks",
				);
				PRODUCT_BUNDLE_IDENTIFIER = com.hadanischal.NearbyHospitalsTests;
				PRODUCT_NAME = "$(TARGET_NAME)";
				SWIFT_VERSION = 5.0;
				TARGETED_DEVICE_FAMILY = "1,2";
				TEST_HOST = "$(BUILT_PRODUCTS_DIR)/NearbyHospitals.app/NearbyHospitals";
			};
			name = Debug;
		};
		AFFCBBB1249EF635002E6D19 /* Release */ = {
			isa = XCBuildConfiguration;
			buildSettings = {
				ALWAYS_EMBED_SWIFT_STANDARD_LIBRARIES = YES;
				BUNDLE_LOADER = "$(TEST_HOST)";
				CODE_SIGN_STYLE = Automatic;
				INFOPLIST_FILE = NearbyHospitalsTests/Info.plist;
				IPHONEOS_DEPLOYMENT_TARGET = 13.5;
				LD_RUNPATH_SEARCH_PATHS = (
					"$(inherited)",
					"@executable_path/Frameworks",
					"@loader_path/Frameworks",
				);
				PRODUCT_BUNDLE_IDENTIFIER = com.hadanischal.NearbyHospitalsTests;
				PRODUCT_NAME = "$(TARGET_NAME)";
				SWIFT_VERSION = 5.0;
				TARGETED_DEVICE_FAMILY = "1,2";
				TEST_HOST = "$(BUILT_PRODUCTS_DIR)/NearbyHospitals.app/NearbyHospitals";
			};
			name = Release;
		};
		AFFCBBB3249EF635002E6D19 /* Debug */ = {
			isa = XCBuildConfiguration;
			buildSettings = {
				ALWAYS_EMBED_SWIFT_STANDARD_LIBRARIES = YES;
				CODE_SIGN_STYLE = Automatic;
				INFOPLIST_FILE = NearbyHospitalsUITests/Info.plist;
				LD_RUNPATH_SEARCH_PATHS = (
					"$(inherited)",
					"@executable_path/Frameworks",
					"@loader_path/Frameworks",
				);
				PRODUCT_BUNDLE_IDENTIFIER = com.hadanischal.NearbyHospitalsUITests;
				PRODUCT_NAME = "$(TARGET_NAME)";
				SWIFT_VERSION = 5.0;
				TARGETED_DEVICE_FAMILY = "1,2";
				TEST_TARGET_NAME = NearbyHospitals;
			};
			name = Debug;
		};
		AFFCBBB4249EF635002E6D19 /* Release */ = {
			isa = XCBuildConfiguration;
			buildSettings = {
				ALWAYS_EMBED_SWIFT_STANDARD_LIBRARIES = YES;
				CODE_SIGN_STYLE = Automatic;
				INFOPLIST_FILE = NearbyHospitalsUITests/Info.plist;
				LD_RUNPATH_SEARCH_PATHS = (
					"$(inherited)",
					"@executable_path/Frameworks",
					"@loader_path/Frameworks",
				);
				PRODUCT_BUNDLE_IDENTIFIER = com.hadanischal.NearbyHospitalsUITests;
				PRODUCT_NAME = "$(TARGET_NAME)";
				SWIFT_VERSION = 5.0;
				TARGETED_DEVICE_FAMILY = "1,2";
				TEST_TARGET_NAME = NearbyHospitals;
			};
			name = Release;
		};
/* End XCBuildConfiguration section */

/* Begin XCConfigurationList section */
		AFFCBB7D249EF634002E6D19 /* Build configuration list for PBXProject "NearbyHospitals" */ = {
			isa = XCConfigurationList;
			buildConfigurations = (
				AFFCBBAA249EF635002E6D19 /* Debug */,
				AFFCBBAB249EF635002E6D19 /* Release */,
			);
			defaultConfigurationIsVisible = 0;
			defaultConfigurationName = Release;
		};
		AFFCBBAC249EF635002E6D19 /* Build configuration list for PBXNativeTarget "NearbyHospitals" */ = {
			isa = XCConfigurationList;
			buildConfigurations = (
				AFFCBBAD249EF635002E6D19 /* Debug */,
				AFFCBBAE249EF635002E6D19 /* Release */,
			);
			defaultConfigurationIsVisible = 0;
			defaultConfigurationName = Release;
		};
		AFFCBBAF249EF635002E6D19 /* Build configuration list for PBXNativeTarget "NearbyHospitalsTests" */ = {
			isa = XCConfigurationList;
			buildConfigurations = (
				AFFCBBB0249EF635002E6D19 /* Debug */,
				AFFCBBB1249EF635002E6D19 /* Release */,
			);
			defaultConfigurationIsVisible = 0;
			defaultConfigurationName = Release;
		};
		AFFCBBB2249EF635002E6D19 /* Build configuration list for PBXNativeTarget "NearbyHospitalsUITests" */ = {
			isa = XCConfigurationList;
			buildConfigurations = (
				AFFCBBB3249EF635002E6D19 /* Debug */,
				AFFCBBB4249EF635002E6D19 /* Release */,
			);
			defaultConfigurationIsVisible = 0;
			defaultConfigurationName = Release;
		};
/* End XCConfigurationList section */
	};
	rootObject = AFFCBB7A249EF634002E6D19 /* Project object */;
}
